// !$*UTF8*$!
{
	archiveVersion = 1;
	classes = {
	};
	objectVersion = 77;
	objects = {

/* Begin PBXContainerItemProxy section */
		AB29275E2CB703BC007D3AB9 /* PBXContainerItemProxy */ = {
			isa = PBXContainerItemProxy;
			containerPortal = AB2927452CB703BA007D3AB9 /* Project object */;
			proxyType = 1;
			remoteGlobalIDString = AB29274C2CB703BA007D3AB9;
			remoteInfo = ArquiteturaSoftware;
		};
		AB2927682CB703BC007D3AB9 /* PBXContainerItemProxy */ = {
			isa = PBXContainerItemProxy;
			containerPortal = AB2927452CB703BA007D3AB9 /* Project object */;
			proxyType = 1;
			remoteGlobalIDString = AB29274C2CB703BA007D3AB9;
			remoteInfo = ArquiteturaSoftware;
		};
/* End PBXContainerItemProxy section */

/* Begin PBXFileReference section */
		AB29274D2CB703BA007D3AB9 /* ArquiteturaSoftware.app */ = {isa = PBXFileReference; explicitFileType = wrapper.application; includeInIndex = 0; path = ArquiteturaSoftware.app; sourceTree = BUILT_PRODUCTS_DIR; };
		AB29275D2CB703BC007D3AB9 /* ArquiteturaSoftwareTests.xctest */ = {isa = PBXFileReference; explicitFileType = wrapper.cfbundle; includeInIndex = 0; path = ArquiteturaSoftwareTests.xctest; sourceTree = BUILT_PRODUCTS_DIR; };
		AB2927672CB703BC007D3AB9 /* ArquiteturaSoftwareUITests.xctest */ = {isa = PBXFileReference; explicitFileType = wrapper.cfbundle; includeInIndex = 0; path = ArquiteturaSoftwareUITests.xctest; sourceTree = BUILT_PRODUCTS_DIR; };
/* End PBXFileReference section */

/* Begin PBXFileSystemSynchronizedRootGroup section */
		AB29274F2CB703BA007D3AB9 /* ArquiteturaSoftware */ = {
			isa = PBXFileSystemSynchronizedRootGroup;
			path = ArquiteturaSoftware;
			sourceTree = "<group>";
		};
		AB2927602CB703BC007D3AB9 /* ArquiteturaSoftwareTests */ = {
			isa = PBXFileSystemSynchronizedRootGroup;
			path = ArquiteturaSoftwareTests;
			sourceTree = "<group>";
		};
		AB29276A2CB703BC007D3AB9 /* ArquiteturaSoftwareUITests */ = {
			isa = PBXFileSystemSynchronizedRootGroup;
			path = ArquiteturaSoftwareUITests;
			sourceTree = "<group>";
		};
/* End PBXFileSystemSynchronizedRootGroup section */

/* Begin PBXFrameworksBuildPhase section */
		AB29274A2CB703BA007D3AB9 /* Frameworks */ = {
			isa = PBXFrameworksBuildPhase;
			buildActionMask = 2147483647;
			files = (
			);
			runOnlyForDeploymentPostprocessing = 0;
		};
		AB29275A2CB703BC007D3AB9 /* Frameworks */ = {
			isa = PBXFrameworksBuildPhase;
			buildActionMask = 2147483647;
			files = (
			);
			runOnlyForDeploymentPostprocessing = 0;
		};
		AB2927642CB703BC007D3AB9 /* Frameworks */ = {
			isa = PBXFrameworksBuildPhase;
			buildActionMask = 2147483647;
			files = (
			);
			runOnlyForDeploymentPostprocessing = 0;
		};
/* End PBXFrameworksBuildPhase section */

/* Begin PBXGroup section */
		AB2927442CB703BA007D3AB9 = {
			isa = PBXGroup;
			children = (
				AB29274F2CB703BA007D3AB9 /* ArquiteturaSoftware */,
				AB2927602CB703BC007D3AB9 /* ArquiteturaSoftwareTests */,
				AB29276A2CB703BC007D3AB9 /* ArquiteturaSoftwareUITests */,
				AB29274E2CB703BA007D3AB9 /* Products */,
			);
			sourceTree = "<group>";
		};
		AB29274E2CB703BA007D3AB9 /* Products */ = {
			isa = PBXGroup;
			children = (
				AB29274D2CB703BA007D3AB9 /* ArquiteturaSoftware.app */,
				AB29275D2CB703BC007D3AB9 /* ArquiteturaSoftwareTests.xctest */,
				AB2927672CB703BC007D3AB9 /* ArquiteturaSoftwareUITests.xctest */,
			);
			name = Products;
			sourceTree = "<group>";
		};
/* End PBXGroup section */

/* Begin PBXNativeTarget section */
		AB29274C2CB703BA007D3AB9 /* ArquiteturaSoftware */ = {
			isa = PBXNativeTarget;
			buildConfigurationList = AB2927712CB703BC007D3AB9 /* Build configuration list for PBXNativeTarget "ArquiteturaSoftware" */;
			buildPhases = (
				AB2927492CB703BA007D3AB9 /* Sources */,
				AB29274A2CB703BA007D3AB9 /* Frameworks */,
				AB29274B2CB703BA007D3AB9 /* Resources */,
			);
			buildRules = (
			);
			dependencies = (
			);
			fileSystemSynchronizedGroups = (
				AB29274F2CB703BA007D3AB9 /* ArquiteturaSoftware */,
			);
			name = ArquiteturaSoftware;
			packageProductDependencies = (
			);
			productName = ArquiteturaSoftware;
			productReference = AB29274D2CB703BA007D3AB9 /* ArquiteturaSoftware.app */;
			productType = "com.apple.product-type.application";
		};
		AB29275C2CB703BC007D3AB9 /* ArquiteturaSoftwareTests */ = {
			isa = PBXNativeTarget;
			buildConfigurationList = AB2927742CB703BC007D3AB9 /* Build configuration list for PBXNativeTarget "ArquiteturaSoftwareTests" */;
			buildPhases = (
				AB2927592CB703BC007D3AB9 /* Sources */,
				AB29275A2CB703BC007D3AB9 /* Frameworks */,
				AB29275B2CB703BC007D3AB9 /* Resources */,
			);
			buildRules = (
			);
			dependencies = (
				AB29275F2CB703BC007D3AB9 /* PBXTargetDependency */,
			);
			fileSystemSynchronizedGroups = (
				AB2927602CB703BC007D3AB9 /* ArquiteturaSoftwareTests */,
			);
			name = ArquiteturaSoftwareTests;
			packageProductDependencies = (
			);
			productName = ArquiteturaSoftwareTests;
			productReference = AB29275D2CB703BC007D3AB9 /* ArquiteturaSoftwareTests.xctest */;
			productType = "com.apple.product-type.bundle.unit-test";
		};
		AB2927662CB703BC007D3AB9 /* ArquiteturaSoftwareUITests */ = {
			isa = PBXNativeTarget;
			buildConfigurationList = AB2927772CB703BC007D3AB9 /* Build configuration list for PBXNativeTarget "ArquiteturaSoftwareUITests" */;
			buildPhases = (
				AB2927632CB703BC007D3AB9 /* Sources */,
				AB2927642CB703BC007D3AB9 /* Frameworks */,
				AB2927652CB703BC007D3AB9 /* Resources */,
			);
			buildRules = (
			);
			dependencies = (
				AB2927692CB703BC007D3AB9 /* PBXTargetDependency */,
			);
			fileSystemSynchronizedGroups = (
				AB29276A2CB703BC007D3AB9 /* ArquiteturaSoftwareUITests */,
			);
			name = ArquiteturaSoftwareUITests;
			packageProductDependencies = (
			);
			productName = ArquiteturaSoftwareUITests;
			productReference = AB2927672CB703BC007D3AB9 /* ArquiteturaSoftwareUITests.xctest */;
			productType = "com.apple.product-type.bundle.ui-testing";
		};
/* End PBXNativeTarget section */

/* Begin PBXProject section */
		AB2927452CB703BA007D3AB9 /* Project object */ = {
			isa = PBXProject;
			attributes = {
				BuildIndependentTargetsInParallel = 1;
				LastSwiftUpdateCheck = 1600;
				LastUpgradeCheck = 1600;
				TargetAttributes = {
					AB29274C2CB703BA007D3AB9 = {
						CreatedOnToolsVersion = 16.0;
					};
					AB29275C2CB703BC007D3AB9 = {
						CreatedOnToolsVersion = 16.0;
						TestTargetID = AB29274C2CB703BA007D3AB9;
					};
					AB2927662CB703BC007D3AB9 = {
						CreatedOnToolsVersion = 16.0;
						TestTargetID = AB29274C2CB703BA007D3AB9;
					};
				};
			};
			buildConfigurationList = AB2927482CB703BA007D3AB9 /* Build configuration list for PBXProject "ArquiteturaSoftware" */;
			developmentRegion = en;
			hasScannedForEncodings = 0;
			knownRegions = (
				en,
				Base,
			);
			mainGroup = AB2927442CB703BA007D3AB9;
			minimizedProjectReferenceProxies = 1;
			preferredProjectObjectVersion = 77;
			productRefGroup = AB29274E2CB703BA007D3AB9 /* Products */;
			projectDirPath = "";
			projectRoot = "";
			targets = (
				AB29274C2CB703BA007D3AB9 /* ArquiteturaSoftware */,
				AB29275C2CB703BC007D3AB9 /* ArquiteturaSoftwareTests */,
				AB2927662CB703BC007D3AB9 /* ArquiteturaSoftwareUITests */,
			);
		};
/* End PBXProject section */

/* Begin PBXResourcesBuildPhase section */
		AB29274B2CB703BA007D3AB9 /* Resources */ = {
			isa = PBXResourcesBuildPhase;
			buildActionMask = 2147483647;
			files = (
			);
			runOnlyForDeploymentPostprocessing = 0;
		};
		AB29275B2CB703BC007D3AB9 /* Resources */ = {
			isa = PBXResourcesBuildPhase;
			buildActionMask = 2147483647;
			files = (
			);
			runOnlyForDeploymentPostprocessing = 0;
		};
		AB2927652CB703BC007D3AB9 /* Resources */ = {
			isa = PBXResourcesBuildPhase;
			buildActionMask = 2147483647;
			files = (
			);
			runOnlyForDeploymentPostprocessing = 0;
		};
/* End PBXResourcesBuildPhase section */

/* Begin PBXSourcesBuildPhase section */
		AB2927492CB703BA007D3AB9 /* Sources */ = {
			isa = PBXSourcesBuildPhase;
			buildActionMask = 2147483647;
			files = (
			);
			runOnlyForDeploymentPostprocessing = 0;
		};
		AB2927592CB703BC007D3AB9 /* Sources */ = {
			isa = PBXSourcesBuildPhase;
			buildActionMask = 2147483647;
			files = (
			);
			runOnlyForDeploymentPostprocessing = 0;
		};
		AB2927632CB703BC007D3AB9 /* Sources */ = {
			isa = PBXSourcesBuildPhase;
			buildActionMask = 2147483647;
			files = (
			);
			runOnlyForDeploymentPostprocessing = 0;
		};
/* End PBXSourcesBuildPhase section */

/* Begin PBXTargetDependency section */
		AB29275F2CB703BC007D3AB9 /* PBXTargetDependency */ = {
			isa = PBXTargetDependency;
			target = AB29274C2CB703BA007D3AB9 /* ArquiteturaSoftware */;
			targetProxy = AB29275E2CB703BC007D3AB9 /* PBXContainerItemProxy */;
		};
		AB2927692CB703BC007D3AB9 /* PBXTargetDependency */ = {
			isa = PBXTargetDependency;
			target = AB29274C2CB703BA007D3AB9 /* ArquiteturaSoftware */;
			targetProxy = AB2927682CB703BC007D3AB9 /* PBXContainerItemProxy */;
		};
/* End PBXTargetDependency section */

/* Begin XCBuildConfiguration section */
		AB29276F2CB703BC007D3AB9 /* Debug */ = {
			isa = XCBuildConfiguration;
			buildSettings = {
				ALWAYS_SEARCH_USER_PATHS = NO;
				ASSETCATALOG_COMPILER_GENERATE_SWIFT_ASSET_SYMBOL_EXTENSIONS = YES;
				CLANG_ANALYZER_NONNULL = YES;
				CLANG_ANALYZER_NUMBER_OBJECT_CONVERSION = YES_AGGRESSIVE;
				CLANG_CXX_LANGUAGE_STANDARD = "gnu++20";
				CLANG_ENABLE_MODULES = YES;
				CLANG_ENABLE_OBJC_ARC = YES;
				CLANG_ENABLE_OBJC_WEAK = YES;
				CLANG_WARN_BLOCK_CAPTURE_AUTORELEASING = YES;
				CLANG_WARN_BOOL_CONVERSION = YES;
				CLANG_WARN_COMMA = YES;
				CLANG_WARN_CONSTANT_CONVERSION = YES;
				CLANG_WARN_DEPRECATED_OBJC_IMPLEMENTATIONS = YES;
				CLANG_WARN_DIRECT_OBJC_ISA_USAGE = YES_ERROR;
				CLANG_WARN_DOCUMENTATION_COMMENTS = YES;
				CLANG_WARN_EMPTY_BODY = YES;
				CLANG_WARN_ENUM_CONVERSION = YES;
				CLANG_WARN_INFINITE_RECURSION = YES;
				CLANG_WARN_INT_CONVERSION = YES;
				CLANG_WARN_NON_LITERAL_NULL_CONVERSION = YES;
				CLANG_WARN_OBJC_IMPLICIT_RETAIN_SELF = YES;
				CLANG_WARN_OBJC_LITERAL_CONVERSION = YES;
				CLANG_WARN_OBJC_ROOT_CLASS = YES_ERROR;
				CLANG_WARN_QUOTED_INCLUDE_IN_FRAMEWORK_HEADER = YES;
				CLANG_WARN_RANGE_LOOP_ANALYSIS = YES;
				CLANG_WARN_STRICT_PROTOTYPES = YES;
				CLANG_WARN_SUSPICIOUS_MOVE = YES;
				CLANG_WARN_UNGUARDED_AVAILABILITY = YES_AGGRESSIVE;
				CLANG_WARN_UNREACHABLE_CODE = YES;
				CLANG_WARN__DUPLICATE_METHOD_MATCH = YES;
				COPY_PHASE_STRIP = NO;
				DEBUG_INFORMATION_FORMAT = dwarf;
				ENABLE_STRICT_OBJC_MSGSEND = YES;
				ENABLE_TESTABILITY = YES;
				ENABLE_USER_SCRIPT_SANDBOXING = YES;
				GCC_C_LANGUAGE_STANDARD = gnu17;
				GCC_DYNAMIC_NO_PIC = NO;
				GCC_NO_COMMON_BLOCKS = YES;
				GCC_OPTIMIZATION_LEVEL = 0;
				GCC_PREPROCESSOR_DEFINITIONS = (
					"DEBUG=1",
					"$(inherited)",
				);
				GCC_WARN_64_TO_32_BIT_CONVERSION = YES;
				GCC_WARN_ABOUT_RETURN_TYPE = YES_ERROR;
				GCC_WARN_UNDECLARED_SELECTOR = YES;
				GCC_WARN_UNINITIALIZED_AUTOS = YES_AGGRESSIVE;
				GCC_WARN_UNUSED_FUNCTION = YES;
				GCC_WARN_UNUSED_VARIABLE = YES;
				IPHONEOS_DEPLOYMENT_TARGET = 18.0;
				LOCALIZATION_PREFERS_STRING_CATALOGS = YES;
				MTL_ENABLE_DEBUG_INFO = INCLUDE_SOURCE;
				MTL_FAST_MATH = YES;
				ONLY_ACTIVE_ARCH = YES;
				SDKROOT = iphoneos;
				SWIFT_ACTIVE_COMPILATION_CONDITIONS = "DEBUG $(inherited)";
				SWIFT_OPTIMIZATION_LEVEL = "-Onone";
			};
			name = Debug;
		};
		AB2927702CB703BC007D3AB9 /* Release */ = {
			isa = XCBuildConfiguration;
			buildSettings = {
				ALWAYS_SEARCH_USER_PATHS = NO;
				ASSETCATALOG_COMPILER_GENERATE_SWIFT_ASSET_SYMBOL_EXTENSIONS = YES;
				CLANG_ANALYZER_NONNULL = YES;
				CLANG_ANALYZER_NUMBER_OBJECT_CONVERSION = YES_AGGRESSIVE;
				CLANG_CXX_LANGUAGE_STANDARD = "gnu++20";
				CLANG_ENABLE_MODULES = YES;
				CLANG_ENABLE_OBJC_ARC = YES;
				CLANG_ENABLE_OBJC_WEAK = YES;
				CLANG_WARN_BLOCK_CAPTURE_AUTORELEASING = YES;
				CLANG_WARN_BOOL_CONVERSION = YES;
				CLANG_WARN_COMMA = YES;
				CLANG_WARN_CONSTANT_CONVERSION = YES;
				CLANG_WARN_DEPRECATED_OBJC_IMPLEMENTATIONS = YES;
				CLANG_WARN_DIRECT_OBJC_ISA_USAGE = YES_ERROR;
				CLANG_WARN_DOCUMENTATION_COMMENTS = YES;
				CLANG_WARN_EMPTY_BODY = YES;
				CLANG_WARN_ENUM_CONVERSION = YES;
				CLANG_WARN_INFINITE_RECURSION = YES;
				CLANG_WARN_INT_CONVERSION = YES;
				CLANG_WARN_NON_LITERAL_NULL_CONVERSION = YES;
				CLANG_WARN_OBJC_IMPLICIT_RETAIN_SELF = YES;
				CLANG_WARN_OBJC_LITERAL_CONVERSION = YES;
				CLANG_WARN_OBJC_ROOT_CLASS = YES_ERROR;
				CLANG_WARN_QUOTED_INCLUDE_IN_FRAMEWORK_HEADER = YES;
				CLANG_WARN_RANGE_LOOP_ANALYSIS = YES;
				CLANG_WARN_STRICT_PROTOTYPES = YES;
				CLANG_WARN_SUSPICIOUS_MOVE = YES;
				CLANG_WARN_UNGUARDED_AVAILABILITY = YES_AGGRESSIVE;
				CLANG_WARN_UNREACHABLE_CODE = YES;
				CLANG_WARN__DUPLICATE_METHOD_MATCH = YES;
				COPY_PHASE_STRIP = NO;
				DEBUG_INFORMATION_FORMAT = "dwarf-with-dsym";
				ENABLE_NS_ASSERTIONS = NO;
				ENABLE_STRICT_OBJC_MSGSEND = YES;
				ENABLE_USER_SCRIPT_SANDBOXING = YES;
				GCC_C_LANGUAGE_STANDARD = gnu17;
				GCC_NO_COMMON_BLOCKS = YES;
				GCC_WARN_64_TO_32_BIT_CONVERSION = YES;
				GCC_WARN_ABOUT_RETURN_TYPE = YES_ERROR;
				GCC_WARN_UNDECLARED_SELECTOR = YES;
				GCC_WARN_UNINITIALIZED_AUTOS = YES_AGGRESSIVE;
				GCC_WARN_UNUSED_FUNCTION = YES;
				GCC_WARN_UNUSED_VARIABLE = YES;
				IPHONEOS_DEPLOYMENT_TARGET = 18.0;
				LOCALIZATION_PREFERS_STRING_CATALOGS = YES;
				MTL_ENABLE_DEBUG_INFO = NO;
				MTL_FAST_MATH = YES;
				SDKROOT = iphoneos;
				SWIFT_COMPILATION_MODE = wholemodule;
				VALIDATE_PRODUCT = YES;
			};
			name = Release;
		};
		AB2927722CB703BC007D3AB9 /* Debug */ = {
			isa = XCBuildConfiguration;
			buildSettings = {
				ASSETCATALOG_COMPILER_APPICON_NAME = AppIcon;
				ASSETCATALOG_COMPILER_GLOBAL_ACCENT_COLOR_NAME = AccentColor;
				CODE_SIGN_STYLE = Automatic;
				CURRENT_PROJECT_VERSION = 1;
				DEVELOPMENT_ASSET_PATHS = "\"ArquiteturaSoftware/Preview Content\"";
				ENABLE_PREVIEWS = YES;
				GENERATE_INFOPLIST_FILE = YES;
				INFOPLIST_KEY_UIApplicationSceneManifest_Generation = YES;
				INFOPLIST_KEY_UIApplicationSupportsIndirectInputEvents = YES;
				INFOPLIST_KEY_UILaunchScreen_Generation = YES;
				INFOPLIST_KEY_UISupportedInterfaceOrientations_iPad = "UIInterfaceOrientationPortrait UIInterfaceOrientationPortraitUpsideDown UIInterfaceOrientationLandscapeLeft UIInterfaceOrientationLandscapeRight";
				INFOPLIST_KEY_UISupportedInterfaceOrientations_iPhone = "UIInterfaceOrientationPortrait UIInterfaceOrientationLandscapeLeft UIInterfaceOrientationLandscapeRight";
				LD_RUNPATH_SEARCH_PATHS = (
					"$(inherited)",
					"@executable_path/Frameworks",
				);
				MARKETING_VERSION = 1.0;
				PRODUCT_BUNDLE_IDENTIFIER = "Challenge-3.ArquiteturaSoftware";
				PRODUCT_NAME = "$(TARGET_NAME)";
				SWIFT_EMIT_LOC_STRINGS = YES;
				SWIFT_VERSION = 5.0;
				TARGETED_DEVICE_FAMILY = "1,2";
			};
			name = Debug;
		};
		AB2927732CB703BC007D3AB9 /* Release */ = {
			isa = XCBuildConfiguration;
			buildSettings = {
				ASSETCATALOG_COMPILER_APPICON_NAME = AppIcon;
				ASSETCATALOG_COMPILER_GLOBAL_ACCENT_COLOR_NAME = AccentColor;
				CODE_SIGN_STYLE = Automatic;
				CURRENT_PROJECT_VERSION = 1;
				DEVELOPMENT_ASSET_PATHS = "\"ArquiteturaSoftware/Preview Content\"";
				ENABLE_PREVIEWS = YES;
				GENERATE_INFOPLIST_FILE = YES;
				INFOPLIST_KEY_UIApplicationSceneManifest_Generation = YES;
				INFOPLIST_KEY_UIApplicationSupportsIndirectInputEvents = YES;
				INFOPLIST_KEY_UILaunchScreen_Generation = YES;
				INFOPLIST_KEY_UISupportedInterfaceOrientations_iPad = "UIInterfaceOrientationPortrait UIInterfaceOrientationPortraitUpsideDown UIInterfaceOrientationLandscapeLeft UIInterfaceOrientationLandscapeRight";
				INFOPLIST_KEY_UISupportedInterfaceOrientations_iPhone = "UIInterfaceOrientationPortrait UIInterfaceOrientationLandscapeLeft UIInterfaceOrientationLandscapeRight";
				LD_RUNPATH_SEARCH_PATHS = (
					"$(inherited)",
					"@executable_path/Frameworks",
				);
				MARKETING_VERSION = 1.0;
				PRODUCT_BUNDLE_IDENTIFIER = "Challenge-3.ArquiteturaSoftware";
				PRODUCT_NAME = "$(TARGET_NAME)";
				SWIFT_EMIT_LOC_STRINGS = YES;
				SWIFT_VERSION = 5.0;
				TARGETED_DEVICE_FAMILY = "1,2";
			};
			name = Release;
		};
		AB2927752CB703BC007D3AB9 /* Debug */ = {
			isa = XCBuildConfiguration;
			buildSettings = {
				BUNDLE_LOADER = "$(TEST_HOST)";
				CODE_SIGN_STYLE = Automatic;
				CURRENT_PROJECT_VERSION = 1;
				GENERATE_INFOPLIST_FILE = YES;
				IPHONEOS_DEPLOYMENT_TARGET = 18.0;
				MARKETING_VERSION = 1.0;
				PRODUCT_BUNDLE_IDENTIFIER = "Challenge-3.ArquiteturaSoftwareTests";
				PRODUCT_NAME = "$(TARGET_NAME)";
				SWIFT_EMIT_LOC_STRINGS = NO;
				SWIFT_VERSION = 5.0;
				TARGETED_DEVICE_FAMILY = "1,2";
				TEST_HOST = "$(BUILT_PRODUCTS_DIR)/ArquiteturaSoftware.app/$(BUNDLE_EXECUTABLE_FOLDER_PATH)/ArquiteturaSoftware";
			};
			name = Debug;
		};
		AB2927762CB703BC007D3AB9 /* Release */ = {
			isa = XCBuildConfiguration;
			buildSettings = {
				BUNDLE_LOADER = "$(TEST_HOST)";
				CODE_SIGN_STYLE = Automatic;
				CURRENT_PROJECT_VERSION = 1;
				GENERATE_INFOPLIST_FILE = YES;
				IPHONEOS_DEPLOYMENT_TARGET = 18.0;
				MARKETING_VERSION = 1.0;
				PRODUCT_BUNDLE_IDENTIFIER = "Challenge-3.ArquiteturaSoftwareTests";
				PRODUCT_NAME = "$(TARGET_NAME)";
				SWIFT_EMIT_LOC_STRINGS = NO;
				SWIFT_VERSION = 5.0;
				TARGETED_DEVICE_FAMILY = "1,2";
				TEST_HOST = "$(BUILT_PRODUCTS_DIR)/ArquiteturaSoftware.app/$(BUNDLE_EXECUTABLE_FOLDER_PATH)/ArquiteturaSoftware";
			};
			name = Release;
		};
		AB2927782CB703BC007D3AB9 /* Debug */ = {
			isa = XCBuildConfiguration;
			buildSettings = {
				CODE_SIGN_STYLE = Automatic;
				CURRENT_PROJECT_VERSION = 1;
				GENERATE_INFOPLIST_FILE = YES;
				MARKETING_VERSION = 1.0;
				PRODUCT_BUNDLE_IDENTIFIER = "Challenge-3.ArquiteturaSoftwareUITests";
				PRODUCT_NAME = "$(TARGET_NAME)";
				SWIFT_EMIT_LOC_STRINGS = NO;
				SWIFT_VERSION = 5.0;
				TARGETED_DEVICE_FAMILY = "1,2";
				TEST_TARGET_NAME = ArquiteturaSoftware;
			};
			name = Debug;
		};
		AB2927792CB703BC007D3AB9 /* Release */ = {
			isa = XCBuildConfiguration;
			buildSettings = {
				CODE_SIGN_STYLE = Automatic;
				CURRENT_PROJECT_VERSION = 1;
				GENERATE_INFOPLIST_FILE = YES;
				MARKETING_VERSION = 1.0;
				PRODUCT_BUNDLE_IDENTIFIER = "Challenge-3.ArquiteturaSoftwareUITests";
				PRODUCT_NAME = "$(TARGET_NAME)";
				SWIFT_EMIT_LOC_STRINGS = NO;
				SWIFT_VERSION = 5.0;
				TARGETED_DEVICE_FAMILY = "1,2";
				TEST_TARGET_NAME = ArquiteturaSoftware;
			};
			name = Release;
		};
/* End XCBuildConfiguration section */

/* Begin XCConfigurationList section */
		AB2927482CB703BA007D3AB9 /* Build configuration list for PBXProject "ArquiteturaSoftware" */ = {
			isa = XCConfigurationList;
			buildConfigurations = (
				AB29276F2CB703BC007D3AB9 /* Debug */,
				AB2927702CB703BC007D3AB9 /* Release */,
			);
			defaultConfigurationIsVisible = 0;
			defaultConfigurationName = Release;
		};
		AB2927712CB703BC007D3AB9 /* Build configuration list for PBXNativeTarget "ArquiteturaSoftware" */ = {
			isa = XCConfigurationList;
			buildConfigurations = (
				AB2927722CB703BC007D3AB9 /* Debug */,
				AB2927732CB703BC007D3AB9 /* Release */,
			);
			defaultConfigurationIsVisible = 0;
			defaultConfigurationName = Release;
		};
		AB2927742CB703BC007D3AB9 /* Build configuration list for PBXNativeTarget "ArquiteturaSoftwareTests" */ = {
			isa = XCConfigurationList;
			buildConfigurations = (
				AB2927752CB703BC007D3AB9 /* Debug */,
				AB2927762CB703BC007D3AB9 /* Release */,
			);
			defaultConfigurationIsVisible = 0;
			defaultConfigurationName = Release;
		};
		AB2927772CB703BC007D3AB9 /* Build configuration list for PBXNativeTarget "ArquiteturaSoftwareUITests" */ = {
			isa = XCConfigurationList;
			buildConfigurations = (
				AB2927782CB703BC007D3AB9 /* Debug */,
				AB2927792CB703BC007D3AB9 /* Release */,
			);
			defaultConfigurationIsVisible = 0;
			defaultConfigurationName = Release;
		};
/* End XCConfigurationList section */
	};
	rootObject = AB2927452CB703BA007D3AB9 /* Project object */;
}
